
Microsoft Visual Studio Solution File, Format Version 12.00
# Visual Studio Version 17
VisualStudioVersion = 17.11.35222.181
MinimumVisualStudioVersion = 10.0.40219.1
Project("{FAE04EC0-301F-11D3-BF4B-00C04F79EFBC}") = "SessionOOP", "SessionOOP\SessionOOP.csproj", "{C853081F-48FC-4F03-9D78-EF30A7E6718D}"
EndProject
Global
	GlobalSection(SolutionConfigurationPlatforms) = preSolution
		Debug|Any CPU = Debug|Any CPU
		Release|Any CPU = Release|Any CPU
	EndGlobalSection
	GlobalSection(ProjectConfigurationPlatforms) = postSolution
		{C853081F-48FC-4F03-9D78-EF30A7E6718D}.Debug|Any CPU.ActiveCfg = Debug|Any CPU
		{C853081F-48FC-4F03-9D78-EF30A7E6718D}.Debug|Any CPU.Build.0 = Debug|Any CPU
		{C853081F-48FC-4F03-9D78-EF30A7E6718D}.Release|Any CPU.ActiveCfg = Release|Any CPU
		{C853081F-48FC-4F03-9D78-EF30A7E6718D}.Release|Any CPU.Build.0 = Release|Any CPU
	EndGlobalSection
	GlobalSection(SolutionProperties) = preSolution
		HideSolutionNode = FALSE
	EndGlobalSection
	GlobalSection(ExtensibilityGlobals) = postSolution
		SolutionGuid = {81B9EA5B-5404-4A16-8D0B-266913D0D1E9}
	EndGlobalSection
EndGlobal
